// !$*UTF8*$!
{
	archiveVersion = 1;
	classes = {
	};
	objectVersion = 50;
	objects = {

/* Begin PBXBuildFile section */
		655E4CE722A4645100F67C12 /* AppDelegate.swift in Sources */ = {isa = PBXBuildFile; fileRef = 655E4CE622A4645100F67C12 /* AppDelegate.swift */; };
		655E4CE922A4645100F67C12 /* ViewController.swift in Sources */ = {isa = PBXBuildFile; fileRef = 655E4CE822A4645100F67C12 /* ViewController.swift */; };
		655E4CF122A4645400F67C12 /* LaunchScreen.storyboard in Resources */ = {isa = PBXBuildFile; fileRef = 655E4CEF22A4645400F67C12 /* LaunchScreen.storyboard */; };
		655E4CF922A4653100F67C12 /* Main.storyboard in Resources */ = {isa = PBXBuildFile; fileRef = 655E4CF822A4653100F67C12 /* Main.storyboard */; };
		655E4CFD22A4670600F67C12 /* Assets.xcassets in Resources */ = {isa = PBXBuildFile; fileRef = 655E4CFC22A4670600F67C12 /* Assets.xcassets */; };
		65F719C922A4700B00FE1EB2 /* StoryPages.swift in Sources */ = {isa = PBXBuildFile; fileRef = 65F719C822A4700B00FE1EB2 /* StoryPages.swift */; };
		65F719CB22A470D300FE1EB2 /* StoryPageBank.swift in Sources */ = {isa = PBXBuildFile; fileRef = 65F719CA22A470D300FE1EB2 /* StoryPageBank.swift */; };
/* End PBXBuildFile section */

/* Begin PBXFileReference section */
		655E4CE322A4645100F67C12 /* Bandersnatch.app */ = {isa = PBXFileReference; explicitFileType = wrapper.application; includeInIndex = 0; path = Bandersnatch.app; sourceTree = BUILT_PRODUCTS_DIR; };
		655E4CE622A4645100F67C12 /* AppDelegate.swift */ = {isa = PBXFileReference; lastKnownFileType = sourcecode.swift; path = AppDelegate.swift; sourceTree = "<group>"; };
		655E4CE822A4645100F67C12 /* ViewController.swift */ = {isa = PBXFileReference; lastKnownFileType = sourcecode.swift; path = ViewController.swift; sourceTree = "<group>"; };
		655E4CF022A4645400F67C12 /* Base */ = {isa = PBXFileReference; lastKnownFileType = file.storyboard; name = Base; path = Base.lproj/LaunchScreen.storyboard; sourceTree = "<group>"; };
		655E4CF222A4645400F67C12 /* Info.plist */ = {isa = PBXFileReference; lastKnownFileType = text.plist.xml; path = Info.plist; sourceTree = "<group>"; };
		655E4CF822A4653100F67C12 /* Main.storyboard */ = {isa = PBXFileReference; fileEncoding = 4; lastKnownFileType = file.storyboard; path = Main.storyboard; sourceTree = "<group>"; };
		655E4CFC22A4670600F67C12 /* Assets.xcassets */ = {isa = PBXFileReference; lastKnownFileType = folder.assetcatalog; path = Assets.xcassets; sourceTree = "<group>"; };
		65F719C822A4700B00FE1EB2 /* StoryPages.swift */ = {isa = PBXFileReference; lastKnownFileType = sourcecode.swift; path = StoryPages.swift; sourceTree = "<group>"; };
		65F719CA22A470D300FE1EB2 /* StoryPageBank.swift */ = {isa = PBXFileReference; lastKnownFileType = sourcecode.swift; path = StoryPageBank.swift; sourceTree = "<group>"; };
/* End PBXFileReference section */

/* Begin PBXFrameworksBuildPhase section */
		655E4CE022A4645100F67C12 /* Frameworks */ = {
			isa = PBXFrameworksBuildPhase;
			buildActionMask = 2147483647;
			files = (
			);
			runOnlyForDeploymentPostprocessing = 0;
		};
/* End PBXFrameworksBuildPhase section */

/* Begin PBXGroup section */
		655E4CDA22A4645100F67C12 = {
			isa = PBXGroup;
			children = (
				655E4CE522A4645100F67C12 /* Bandersnatch */,
				655E4CE422A4645100F67C12 /* Products */,
			);
			sourceTree = "<group>";
		};
		655E4CE422A4645100F67C12 /* Products */ = {
			isa = PBXGroup;
			children = (
				655E4CE322A4645100F67C12 /* Bandersnatch.app */,
			);
			name = Products;
			sourceTree = "<group>";
		};
		655E4CE522A4645100F67C12 /* Bandersnatch */ = {
			isa = PBXGroup;
			children = (
				655E4CF222A4645400F67C12 /* Info.plist */,
				65F719C722A46FCC00FE1EB2 /* Supporting Files */,
				65F719C622A46FB200FE1EB2 /* View */,
				65F719C522A46FAA00FE1EB2 /* Model */,
				65F719C422A46F9200FE1EB2 /* Controller */,
			);
			path = Bandersnatch;
			sourceTree = "<group>";
		};
		65F719C422A46F9200FE1EB2 /* Controller */ = {
			isa = PBXGroup;
			children = (
				655E4CE622A4645100F67C12 /* AppDelegate.swift */,
				655E4CE822A4645100F67C12 /* ViewController.swift */,
			);
			path = Controller;
			sourceTree = "<group>";
		};
		65F719C522A46FAA00FE1EB2 /* Model */ = {
			isa = PBXGroup;
			children = (
				65F719C822A4700B00FE1EB2 /* StoryPages.swift */,
				65F719CA22A470D300FE1EB2 /* StoryPageBank.swift */,
			);
			path = Model;
			sourceTree = "<group>";
		};
		65F719C622A46FB200FE1EB2 /* View */ = {
			isa = PBXGroup;
			children = (
				655E4CF822A4653100F67C12 /* Main.storyboard */,
				655E4CFC22A4670600F67C12 /* Assets.xcassets */,
			);
			path = View;
			sourceTree = "<group>";
		};
		65F719C722A46FCC00FE1EB2 /* Supporting Files */ = {
			isa = PBXGroup;
			children = (
				655E4CEF22A4645400F67C12 /* LaunchScreen.storyboard */,
			);
			path = "Supporting Files";
			sourceTree = "<group>";
		};
/* End PBXGroup section */

/* Begin PBXNativeTarget section */
		655E4CE222A4645100F67C12 /* Bandersnatch */ = {
			isa = PBXNativeTarget;
			buildConfigurationList = 655E4CF522A4645400F67C12 /* Build configuration list for PBXNativeTarget "Bandersnatch" */;
			buildPhases = (
				655E4CDF22A4645100F67C12 /* Sources */,
				655E4CE022A4645100F67C12 /* Frameworks */,
				655E4CE122A4645100F67C12 /* Resources */,
			);
			buildRules = (
			);
			dependencies = (
			);
			name = Bandersnatch;
			productName = Bandersnatch;
			productReference = 655E4CE322A4645100F67C12 /* Bandersnatch.app */;
			productType = "com.apple.product-type.application";
		};
/* End PBXNativeTarget section */

/* Begin PBXProject section */
		655E4CDB22A4645100F67C12 /* Project object */ = {
			isa = PBXProject;
			attributes = {
				LastSwiftUpdateCheck = 1020;
				LastUpgradeCheck = 1020;
				ORGANIZATIONNAME = "Daniel Barclay";
				TargetAttributes = {
					655E4CE222A4645100F67C12 = {
						CreatedOnToolsVersion = 10.2;
					};
				};
			};
			buildConfigurationList = 655E4CDE22A4645100F67C12 /* Build configuration list for PBXProject "Bandersnatch" */;
			compatibilityVersion = "Xcode 9.3";
			developmentRegion = en;
			hasScannedForEncodings = 0;
			knownRegions = (
				en,
				Base,
			);
			mainGroup = 655E4CDA22A4645100F67C12;
			productRefGroup = 655E4CE422A4645100F67C12 /* Products */;
			projectDirPath = "";
			projectRoot = "";
			targets = (
				655E4CE222A4645100F67C12 /* Bandersnatch */,
			);
		};
/* End PBXProject section */

/* Begin PBXResourcesBuildPhase section */
		655E4CE122A4645100F67C12 /* Resources */ = {
			isa = PBXResourcesBuildPhase;
			buildActionMask = 2147483647;
			files = (
				655E4CF122A4645400F67C12 /* LaunchScreen.storyboard in Resources */,
				655E4CF922A4653100F67C12 /* Main.storyboard in Resources */,
				655E4CFD22A4670600F67C12 /* Assets.xcassets in Resources */,
			);
			runOnlyForDeploymentPostprocessing = 0;
		};
/* End PBXResourcesBuildPhase section */

/* Begin PBXSourcesBuildPhase section */
		655E4CDF22A4645100F67C12 /* Sources */ = {
			isa = PBXSourcesBuildPhase;
			buildActionMask = 2147483647;
			files = (
				655E4CE922A4645100F67C12 /* ViewController.swift in Sources */,
				65F719CB22A470D300FE1EB2 /* StoryPageBank.swift in Sources */,
				65F719C922A4700B00FE1EB2 /* StoryPages.swift in Sources */,
				655E4CE722A4645100F67C12 /* AppDelegate.swift in Sources */,
			);
			runOnlyForDeploymentPostprocessing = 0;
		};
/* End PBXSourcesBuildPhase section */

/* Begin PBXVariantGroup section */
		655E4CEF22A4645400F67C12 /* LaunchScreen.storyboard */ = {
			isa = PBXVariantGroup;
			children = (
				655E4CF022A4645400F67C12 /* Base */,
			);
			name = LaunchScreen.storyboard;
			sourceTree = "<group>";
		};
/* End PBXVariantGroup section */

/* Begin XCBuildConfiguration section */
		655E4CF322A4645400F67C12 /* Debug */ = {
			isa = XCBuildConfiguration;
			buildSettings = {
				ALWAYS_SEARCH_USER_PATHS = NO;
				CLANG_ANALYZER_NONNULL = YES;
				CLANG_ANALYZER_NUMBER_OBJECT_CONVERSION = YES_AGGRESSIVE;
				CLANG_CXX_LANGUAGE_STANDARD = "gnu++14";
				CLANG_CXX_LIBRARY = "libc++";
				CLANG_ENABLE_MODULES = YES;
				CLANG_ENABLE_OBJC_ARC = YES;
				CLANG_ENABLE_OBJC_WEAK = YES;
				CLANG_WARN_BLOCK_CAPTURE_AUTORELEASING = YES;
				CLANG_WARN_BOOL_CONVERSION = YES;
				CLANG_WARN_COMMA = YES;
				CLANG_WARN_CONSTANT_CONVERSION = YES;
				CLANG_WARN_DEPRECATED_OBJC_IMPLEMENTATIONS = YES;
				CLANG_WARN_DIRECT_OBJC_ISA_USAGE = YES_ERROR;
				CLANG_WARN_DOCUMENTATION_COMMENTS = YES;
				CLANG_WARN_EMPTY_BODY = YES;
				CLANG_WARN_ENUM_CONVERSION = YES;
				CLANG_WARN_INFINITE_RECURSION = YES;
				CLANG_WARN_INT_CONVERSION = YES;
				CLANG_WARN_NON_LITERAL_NULL_CONVERSION = YES;
				CLANG_WARN_OBJC_IMPLICIT_RETAIN_SELF = YES;
				CLANG_WARN_OBJC_LITERAL_CONVERSION = YES;
				CLANG_WARN_OBJC_ROOT_CLASS = YES_ERROR;
				CLANG_WARN_RANGE_LOOP_ANALYSIS = YES;
				CLANG_WARN_STRICT_PROTOTYPES = YES;
				CLANG_WARN_SUSPICIOUS_MOVE = YES;
				CLANG_WARN_UNGUARDED_AVAILABILITY = YES_AGGRESSIVE;
				CLANG_WARN_UNREACHABLE_CODE = YES;
				CLANG_WARN__DUPLICATE_METHOD_MATCH = YES;
				CODE_SIGN_IDENTITY = "iPhone Developer";
				COPY_PHASE_STRIP = NO;
				DEBUG_INFORMATION_FORMAT = dwarf;
				ENABLE_STRICT_OBJC_MSGSEND = YES;
				ENABLE_TESTABILITY = YES;
				GCC_C_LANGUAGE_STANDARD = gnu11;
				GCC_DYNAMIC_NO_PIC = NO;
				GCC_NO_COMMON_BLOCKS = YES;
				GCC_OPTIMIZATION_LEVEL = 0;
				GCC_PREPROCESSOR_DEFINITIONS = (
					"DEBUG=1",
					"$(inherited)",
				);
				GCC_WARN_64_TO_32_BIT_CONVERSION = YES;
				GCC_WARN_ABOUT_RETURN_TYPE = YES_ERROR;
				GCC_WARN_UNDECLARED_SELECTOR = YES;
				GCC_WARN_UNINITIALIZED_AUTOS = YES_AGGRESSIVE;
				GCC_WARN_UNUSED_FUNCTION = YES;
				GCC_WARN_UNUSED_VARIABLE = YES;
				IPHONEOS_DEPLOYMENT_TARGET = 12.2;
				MTL_ENABLE_DEBUG_INFO = INCLUDE_SOURCE;
				MTL_FAST_MATH = YES;
				ONLY_ACTIVE_ARCH = YES;
				SDKROOT = iphoneos;
				SWIFT_ACTIVE_COMPILATION_CONDITIONS = DEBUG;
				SWIFT_OPTIMIZATION_LEVEL = "-Onone";
			};
			name = Debug;
		};
		655E4CF422A4645400F67C12 /* Release */ = {
			isa = XCBuildConfiguration;
			buildSettings = {
				ALWAYS_SEARCH_USER_PATHS = NO;
				CLANG_ANALYZER_NONNULL = YES;
				CLANG_ANALYZER_NUMBER_OBJECT_CONVERSION = YES_AGGRESSIVE;
				CLANG_CXX_LANGUAGE_STANDARD = "gnu++14";
				CLANG_CXX_LIBRARY = "libc++";
				CLANG_ENABLE_MODULES = YES;
				CLANG_ENABLE_OBJC_ARC = YES;
				CLANG_ENABLE_OBJC_WEAK = YES;
				CLANG_WARN_BLOCK_CAPTURE_AUTORELEASING = YES;
				CLANG_WARN_BOOL_CONVERSION = YES;
				CLANG_WARN_COMMA = YES;
				CLANG_WARN_CONSTANT_CONVERSION = YES;
				CLANG_WARN_DEPRECATED_OBJC_IMPLEMENTATIONS = YES;
				CLANG_WARN_DIRECT_OBJC_ISA_USAGE = YES_ERROR;
				CLANG_WARN_DOCUMENTATION_COMMENTS = YES;
				CLANG_WARN_EMPTY_BODY = YES;
				CLANG_WARN_ENUM_CONVERSION = YES;
				CLANG_WARN_INFINITE_RECURSION = YES;
				CLANG_WARN_INT_CONVERSION = YES;
				CLANG_WARN_NON_LITERAL_NULL_CONVERSION = YES;
				CLANG_WARN_OBJC_IMPLICIT_RETAIN_SELF = YES;
				CLANG_WARN_OBJC_LITERAL_CONVERSION = YES;
				CLANG_WARN_OBJC_ROOT_CLASS = YES_ERROR;
				CLANG_WARN_RANGE_LOOP_ANALYSIS = YES;
				CLANG_WARN_STRICT_PROTOTYPES = YES;
				CLANG_WARN_SUSPICIOUS_MOVE = YES;
				CLANG_WARN_UNGUARDED_AVAILABILITY = YES_AGGRESSIVE;
				CLANG_WARN_UNREACHABLE_CODE = YES;
				CLANG_WARN__DUPLICATE_METHOD_MATCH = YES;
				CODE_SIGN_IDENTITY = "iPhone Developer";
				COPY_PHASE_STRIP = NO;
				DEBUG_INFORMATION_FORMAT = "dwarf-with-dsym";
				ENABLE_NS_ASSERTIONS = NO;
				ENABLE_STRICT_OBJC_MSGSEND = YES;
				GCC_C_LANGUAGE_STANDARD = gnu11;
				GCC_NO_COMMON_BLOCKS = YES;
				GCC_WARN_64_TO_32_BIT_CONVERSION = YES;
				GCC_WARN_ABOUT_RETURN_TYPE = YES_ERROR;
				GCC_WARN_UNDECLARED_SELECTOR = YES;
				GCC_WARN_UNINITIALIZED_AUTOS = YES_AGGRESSIVE;
				GCC_WARN_UNUSED_FUNCTION = YES;
				GCC_WARN_UNUSED_VARIABLE = YES;
				IPHONEOS_DEPLOYMENT_TARGET = 12.2;
				MTL_ENABLE_DEBUG_INFO = NO;
				MTL_FAST_MATH = YES;
				SDKROOT = iphoneos;
				SWIFT_COMPILATION_MODE = wholemodule;
				SWIFT_OPTIMIZATION_LEVEL = "-O";
				VALIDATE_PRODUCT = YES;
			};
			name = Release;
		};
		655E4CF622A4645400F67C12 /* Debug */ = {
			isa = XCBuildConfiguration;
			buildSettings = {
				ASSETCATALOG_COMPILER_APPICON_NAME = AppIcon;
				CODE_SIGN_STYLE = Automatic;
				DEVELOPMENT_TEAM = R2GGK3VN2C;
				INFOPLIST_FILE = Bandersnatch/Info.plist;
				LD_RUNPATH_SEARCH_PATHS = (
					"$(inherited)",
					"@executable_path/Frameworks",
				);
				PRODUCT_BUNDLE_IDENTIFIER = com.danielbarclay.Bandersnatch;
				PRODUCT_NAME = "$(TARGET_NAME)";
				SWIFT_VERSION = 5.0;
				TARGETED_DEVICE_FAMILY = "1,2";
			};
			name = Debug;
		};
		655E4CF722A4645400F67C12 /* Release */ = {
			isa = XCBuildConfiguration;
			buildSettings = {
				ASSETCATALOG_COMPILER_APPICON_NAME = AppIcon;
				CODE_SIGN_STYLE = Automatic;
				DEVELOPMENT_TEAM = R2GGK3VN2C;
				INFOPLIST_FILE = Bandersnatch/Info.plist;
				LD_RUNPATH_SEARCH_PATHS = (
					"$(inherited)",
					"@executable_path/Frameworks",
				);
				PRODUCT_BUNDLE_IDENTIFIER = com.danielbarclay.Bandersnatch;
				PRODUCT_NAME = "$(TARGET_NAME)";
				SWIFT_VERSION = 5.0;
				TARGETED_DEVICE_FAMILY = "1,2";
			};
			name = Release;
		};
/* End XCBuildConfiguration section */

/* Begin XCConfigurationList section */
		655E4CDE22A4645100F67C12 /* Build configuration list for PBXProject "Bandersnatch" */ = {
			isa = XCConfigurationList;
			buildConfigurations = (
				655E4CF322A4645400F67C12 /* Debug */,
				655E4CF422A4645400F67C12 /* Release */,
			);
			defaultConfigurationIsVisible = 0;
			defaultConfigurationName = Release;
		};
		655E4CF522A4645400F67C12 /* Build configuration list for PBXNativeTarget "Bandersnatch" */ = {
			isa = XCConfigurationList;
			buildConfigurations = (
				655E4CF622A4645400F67C12 /* Debug */,
				655E4CF722A4645400F67C12 /* Release */,
			);
			defaultConfigurationIsVisible = 0;
			defaultConfigurationName = Release;
		};
/* End XCConfigurationList section */
	};
	rootObject = 655E4CDB22A4645100F67C12 /* Project object */;
}
